// !$*UTF8*$!
{
	archiveVersion = 1;
	classes = {
	};
	objectVersion = 50;
	objects = {

/* Begin PBXBuildFile section */
		0928765F21F79F38002AAE3E /* AppDelegate.m in Sources */ = {isa = PBXBuildFile; fileRef = 0928765E21F79F38002AAE3E /* AppDelegate.m */; };
		0928766721F79F39002AAE3E /* Assets.xcassets in Resources */ = {isa = PBXBuildFile; fileRef = 0928766621F79F39002AAE3E /* Assets.xcassets */; };
		0928766A21F79F39002AAE3E /* LaunchScreen.storyboard in Resources */ = {isa = PBXBuildFile; fileRef = 0928766821F79F39002AAE3E /* LaunchScreen.storyboard */; };
		0928766D21F79F39002AAE3E /* main.m in Sources */ = {isa = PBXBuildFile; fileRef = 0928766C21F79F39002AAE3E /* main.m */; };
		0928767521F79F9A002AAE3E /* MainViewController.m in Sources */ = {isa = PBXBuildFile; fileRef = 0928767421F79F9A002AAE3E /* MainViewController.m */; };
		0928767C21F7AC38002AAE3E /* FauxListViewController.m in Sources */ = {isa = PBXBuildFile; fileRef = 0928767B21F7AC38002AAE3E /* FauxListViewController.m */; };
		092DC4602203939D0021F635 /* MMSpringScrollAnimator.m in Sources */ = {isa = PBXBuildFile; fileRef = 092DC45F2203939D0021F635 /* MMSpringScrollAnimator.m */; };
		09382FDE2212298B000B6508 /* MMSplitViewController+MMViewControllerContainmentCompatibility.m in Sources */ = {isa = PBXBuildFile; fileRef = 09382FDD2212298B000B6508 /* MMSplitViewController+MMViewControllerContainmentCompatibility.m */; };
		09382FE5221368FC000B6508 /* MMSplitViewController+MMSupplementaryBars.m in Sources */ = {isa = PBXBuildFile; fileRef = 09382FE4221368FC000B6508 /* MMSplitViewController+MMSupplementaryBars.m */; };
		09382FEA221369C7000B6508 /* MMSnapHeaderView.m in Sources */ = {isa = PBXBuildFile; fileRef = 09382FE8221369C7000B6508 /* MMSnapHeaderView.m */; };
		09382FEB221369C7000B6508 /* MMSnapFooterView.m in Sources */ = {isa = PBXBuildFile; fileRef = 09382FE9221369C7000B6508 /* MMSnapFooterView.m */; };
		09382FEE22136A80000B6508 /* MMSnapSupplementaryView.m in Sources */ = {isa = PBXBuildFile; fileRef = 09382FED22136A80000B6508 /* MMSnapSupplementaryView.m */; };
		09382FF4221467D9000B6508 /* MMSnapBackIndicatorDefault@3x.png in Resources */ = {isa = PBXBuildFile; fileRef = 09382FEF221467D8000B6508 /* MMSnapBackIndicatorDefault@3x.png */; };
		09382FF5221467D9000B6508 /* MMSnapBackIndicatorDefault.png in Resources */ = {isa = PBXBuildFile; fileRef = 09382FF0221467D8000B6508 /* MMSnapBackIndicatorDefault.png */; };
		09382FF6221467D9000B6508 /* MMSnapIndicatorRounded@3x.png in Resources */ = {isa = PBXBuildFile; fileRef = 09382FF1221467D9000B6508 /* MMSnapIndicatorRounded@3x.png */; };
		09382FF7221467D9000B6508 /* MMSnapBackIndicatorDefault@2x.png in Resources */ = {isa = PBXBuildFile; fileRef = 09382FF2221467D9000B6508 /* MMSnapBackIndicatorDefault@2x.png */; };
		09382FF8221467D9000B6508 /* MMSnapIndicatorRounded@2x.png in Resources */ = {isa = PBXBuildFile; fileRef = 09382FF3221467D9000B6508 /* MMSnapIndicatorRounded@2x.png */; };
		098EF153220092E900BC78F5 /* MMSplitScrollView.m in Sources */ = {isa = PBXBuildFile; fileRef = 098EF152220092E900BC78F5 /* MMSplitScrollView.m */; };
		098EF1562200945300BC78F5 /* MMSplitPaneView.m in Sources */ = {isa = PBXBuildFile; fileRef = 098EF1552200945300BC78F5 /* MMSplitPaneView.m */; };
		098EF1592200947200BC78F5 /* MMSplitSeparatorView.m in Sources */ = {isa = PBXBuildFile; fileRef = 098EF1582200947200BC78F5 /* MMSplitSeparatorView.m */; };
		098EF15D2200B2F000BC78F5 /* MMInvocationForwarder.m in Sources */ = {isa = PBXBuildFile; fileRef = 098EF15C2200B2F000BC78F5 /* MMInvocationForwarder.m */; };
		099F47132214B9B70062046F /* MMSplitViewController.m in Sources */ = {isa = PBXBuildFile; fileRef = 099F47122214B8F00062046F /* MMSplitViewController.m */; };
/* End PBXBuildFile section */

/* Begin PBXFileReference section */
		0928765A21F79F38002AAE3E /* MMSplitViewController.app */ = {isa = PBXFileReference; explicitFileType = wrapper.application; includeInIndex = 0; path = MMSplitViewController.app; sourceTree = BUILT_PRODUCTS_DIR; };
		0928765D21F79F38002AAE3E /* AppDelegate.h */ = {isa = PBXFileReference; lastKnownFileType = sourcecode.c.h; path = AppDelegate.h; sourceTree = "<group>"; };
		0928765E21F79F38002AAE3E /* AppDelegate.m */ = {isa = PBXFileReference; lastKnownFileType = sourcecode.c.objc; path = AppDelegate.m; sourceTree = "<group>"; };
		0928766621F79F39002AAE3E /* Assets.xcassets */ = {isa = PBXFileReference; lastKnownFileType = folder.assetcatalog; path = Assets.xcassets; sourceTree = "<group>"; };
		0928766921F79F39002AAE3E /* Base */ = {isa = PBXFileReference; lastKnownFileType = file.storyboard; name = Base; path = Base.lproj/LaunchScreen.storyboard; sourceTree = "<group>"; };
		0928766B21F79F39002AAE3E /* Info.plist */ = {isa = PBXFileReference; lastKnownFileType = text.plist.xml; path = Info.plist; sourceTree = "<group>"; };
		0928766C21F79F39002AAE3E /* main.m */ = {isa = PBXFileReference; lastKnownFileType = sourcecode.c.objc; path = main.m; sourceTree = "<group>"; };
		0928767321F79F9A002AAE3E /* MainViewController.h */ = {isa = PBXFileReference; lastKnownFileType = sourcecode.c.h; path = MainViewController.h; sourceTree = "<group>"; };
		0928767421F79F9A002AAE3E /* MainViewController.m */ = {isa = PBXFileReference; lastKnownFileType = sourcecode.c.objc; path = MainViewController.m; sourceTree = "<group>"; };
		0928767A21F7AC38002AAE3E /* FauxListViewController.h */ = {isa = PBXFileReference; lastKnownFileType = sourcecode.c.h; path = FauxListViewController.h; sourceTree = "<group>"; };
		0928767B21F7AC38002AAE3E /* FauxListViewController.m */ = {isa = PBXFileReference; lastKnownFileType = sourcecode.c.objc; path = FauxListViewController.m; sourceTree = "<group>"; };
		092DC45E2203939D0021F635 /* MMSpringScrollAnimator.h */ = {isa = PBXFileReference; fileEncoding = 4; lastKnownFileType = sourcecode.c.h; name = MMSpringScrollAnimator.h; path = ../../Classes/Utilities/MMSpringScrollAnimator.h; sourceTree = "<group>"; };
		092DC45F2203939D0021F635 /* MMSpringScrollAnimator.m */ = {isa = PBXFileReference; fileEncoding = 4; lastKnownFileType = sourcecode.c.objc; name = MMSpringScrollAnimator.m; path = ../../Classes/Utilities/MMSpringScrollAnimator.m; sourceTree = "<group>"; };
		09382FD7220C8451000B6508 /* MMSplitHuggingSupport.h */ = {isa = PBXFileReference; lastKnownFileType = sourcecode.c.h; path = MMSplitHuggingSupport.h; sourceTree = "<group>"; };
		09382FDC2212298B000B6508 /* MMSplitViewController+MMViewControllerContainmentCompatibility.h */ = {isa = PBXFileReference; lastKnownFileType = sourcecode.c.h; name = "MMSplitViewController+MMViewControllerContainmentCompatibility.h"; path = "../../Classes/Compatibility/MMSplitViewController+MMViewControllerContainmentCompatibility.h"; sourceTree = "<group>"; };
		09382FDD2212298B000B6508 /* MMSplitViewController+MMViewControllerContainmentCompatibility.m */ = {isa = PBXFileReference; lastKnownFileType = sourcecode.c.objc; name = "MMSplitViewController+MMViewControllerContainmentCompatibility.m"; path = "../../Classes/Compatibility/MMSplitViewController+MMViewControllerContainmentCompatibility.m"; sourceTree = "<group>"; };
		09382FE3221368FC000B6508 /* MMSplitViewController+MMSupplementaryBars.h */ = {isa = PBXFileReference; lastKnownFileType = sourcecode.c.h; path = "MMSplitViewController+MMSupplementaryBars.h"; sourceTree = "<group>"; };
		09382FE4221368FC000B6508 /* MMSplitViewController+MMSupplementaryBars.m */ = {isa = PBXFileReference; lastKnownFileType = sourcecode.c.objc; path = "MMSplitViewController+MMSupplementaryBars.m"; sourceTree = "<group>"; };
		09382FE6221369C7000B6508 /* MMSnapFooterView.h */ = {isa = PBXFileReference; fileEncoding = 4; lastKnownFileType = sourcecode.c.h; path = MMSnapFooterView.h; sourceTree = "<group>"; };
		09382FE7221369C7000B6508 /* MMSnapHeaderView.h */ = {isa = PBXFileReference; fileEncoding = 4; lastKnownFileType = sourcecode.c.h; path = MMSnapHeaderView.h; sourceTree = "<group>"; };
		09382FE8221369C7000B6508 /* MMSnapHeaderView.m */ = {isa = PBXFileReference; fileEncoding = 4; lastKnownFileType = sourcecode.c.objc; path = MMSnapHeaderView.m; sourceTree = "<group>"; };
		09382FE9221369C7000B6508 /* MMSnapFooterView.m */ = {isa = PBXFileReference; fileEncoding = 4; lastKnownFileType = sourcecode.c.objc; path = MMSnapFooterView.m; sourceTree = "<group>"; };
		09382FEC22136A80000B6508 /* MMSnapSupplementaryView.h */ = {isa = PBXFileReference; lastKnownFileType = sourcecode.c.h; path = MMSnapSupplementaryView.h; sourceTree = "<group>"; };
		09382FED22136A80000B6508 /* MMSnapSupplementaryView.m */ = {isa = PBXFileReference; lastKnownFileType = sourcecode.c.objc; path = MMSnapSupplementaryView.m; sourceTree = "<group>"; };
		09382FEF221467D8000B6508 /* MMSnapBackIndicatorDefault@3x.png */ = {isa = PBXFileReference; lastKnownFileType = image.png; path = "MMSnapBackIndicatorDefault@3x.png"; sourceTree = "<group>"; };
		09382FF0221467D8000B6508 /* MMSnapBackIndicatorDefault.png */ = {isa = PBXFileReference; lastKnownFileType = image.png; path = MMSnapBackIndicatorDefault.png; sourceTree = "<group>"; };
		09382FF1221467D9000B6508 /* MMSnapIndicatorRounded@3x.png */ = {isa = PBXFileReference; lastKnownFileType = image.png; path = "MMSnapIndicatorRounded@3x.png"; sourceTree = "<group>"; };
		09382FF2221467D9000B6508 /* MMSnapBackIndicatorDefault@2x.png */ = {isa = PBXFileReference; lastKnownFileType = image.png; path = "MMSnapBackIndicatorDefault@2x.png"; sourceTree = "<group>"; };
		09382FF3221467D9000B6508 /* MMSnapIndicatorRounded@2x.png */ = {isa = PBXFileReference; lastKnownFileType = image.png; path = "MMSnapIndicatorRounded@2x.png"; sourceTree = "<group>"; };
		098EF151220092E900BC78F5 /* MMSplitScrollView.h */ = {isa = PBXFileReference; lastKnownFileType = sourcecode.c.h; path = MMSplitScrollView.h; sourceTree = "<group>"; };
		098EF152220092E900BC78F5 /* MMSplitScrollView.m */ = {isa = PBXFileReference; lastKnownFileType = sourcecode.c.objc; path = MMSplitScrollView.m; sourceTree = "<group>"; };
		098EF1542200945300BC78F5 /* MMSplitPaneView.h */ = {isa = PBXFileReference; lastKnownFileType = sourcecode.c.h; path = MMSplitPaneView.h; sourceTree = "<group>"; };
		098EF1552200945300BC78F5 /* MMSplitPaneView.m */ = {isa = PBXFileReference; lastKnownFileType = sourcecode.c.objc; path = MMSplitPaneView.m; sourceTree = "<group>"; };
		098EF1572200947200BC78F5 /* MMSplitSeparatorView.h */ = {isa = PBXFileReference; lastKnownFileType = sourcecode.c.h; path = MMSplitSeparatorView.h; sourceTree = "<group>"; };
		098EF1582200947200BC78F5 /* MMSplitSeparatorView.m */ = {isa = PBXFileReference; lastKnownFileType = sourcecode.c.objc; path = MMSplitSeparatorView.m; sourceTree = "<group>"; };
		098EF15B2200B2F000BC78F5 /* MMInvocationForwarder.h */ = {isa = PBXFileReference; lastKnownFileType = sourcecode.c.h; name = MMInvocationForwarder.h; path = ../../Classes/Utilities/MMInvocationForwarder.h; sourceTree = "<group>"; };
		098EF15C2200B2F000BC78F5 /* MMInvocationForwarder.m */ = {isa = PBXFileReference; lastKnownFileType = sourcecode.c.objc; name = MMInvocationForwarder.m; path = ../../Classes/Utilities/MMInvocationForwarder.m; sourceTree = "<group>"; };
		099F47112214B8F00062046F /* MMSplitViewController.h */ = {isa = PBXFileReference; lastKnownFileType = sourcecode.c.h; name = MMSplitViewController.h; path = Classes/Core/MMSplitViewController.h; sourceTree = "<group>"; };
		099F47122214B8F00062046F /* MMSplitViewController.m */ = {isa = PBXFileReference; lastKnownFileType = sourcecode.c.objc; name = MMSplitViewController.m; path = Classes/Core/MMSplitViewController.m; sourceTree = "<group>"; };
/* End PBXFileReference section */

/* Begin PBXFrameworksBuildPhase section */
		0928765721F79F38002AAE3E /* Frameworks */ = {
			isa = PBXFrameworksBuildPhase;
			buildActionMask = 2147483647;
			files = (
			);
			runOnlyForDeploymentPostprocessing = 0;
		};
/* End PBXFrameworksBuildPhase section */

/* Begin PBXGroup section */
		0928765121F79F38002AAE3E = {
			isa = PBXGroup;
			children = (
				099F47102214B8E70062046F /* MMSplitViewController */,
				0928765C21F79F38002AAE3E /* MMSplitViewControllerDemo */,
				0928765B21F79F38002AAE3E /* Products */,
			);
			sourceTree = "<group>";
		};
		0928765B21F79F38002AAE3E /* Products */ = {
			isa = PBXGroup;
			children = (
				0928765A21F79F38002AAE3E /* MMSplitViewController.app */,
			);
			name = Products;
			sourceTree = "<group>";
		};
		0928765C21F79F38002AAE3E /* MMSplitViewControllerDemo */ = {
			isa = PBXGroup;
			children = (
				0928765D21F79F38002AAE3E /* AppDelegate.h */,
				0928765E21F79F38002AAE3E /* AppDelegate.m */,
				0928767321F79F9A002AAE3E /* MainViewController.h */,
				0928767421F79F9A002AAE3E /* MainViewController.m */,
				0928767A21F7AC38002AAE3E /* FauxListViewController.h */,
				0928767B21F7AC38002AAE3E /* FauxListViewController.m */,
				0928766621F79F39002AAE3E /* Assets.xcassets */,
				0928766821F79F39002AAE3E /* LaunchScreen.storyboard */,
				0928766B21F79F39002AAE3E /* Info.plist */,
				0928766C21F79F39002AAE3E /* main.m */,
			);
			path = MMSplitViewControllerDemo;
			sourceTree = "<group>";
		};
		09382FD822122926000B6508 /* Compatibility */ = {
			isa = PBXGroup;
			children = (
				09382FDC2212298B000B6508 /* MMSplitViewController+MMViewControllerContainmentCompatibility.h */,
				09382FDD2212298B000B6508 /* MMSplitViewController+MMViewControllerContainmentCompatibility.m */,
			);
			name = Compatibility;
			path = Classes/Compatibility;
			sourceTree = "<group>";
		};
		09382FDF221367E6000B6508 /* Supplementary bars */ = {
			isa = PBXGroup;
			children = (
				09382FE3221368FC000B6508 /* MMSplitViewController+MMSupplementaryBars.h */,
				09382FE4221368FC000B6508 /* MMSplitViewController+MMSupplementaryBars.m */,
				09382FEC22136A80000B6508 /* MMSnapSupplementaryView.h */,
				09382FED22136A80000B6508 /* MMSnapSupplementaryView.m */,
				09382FE7221369C7000B6508 /* MMSnapHeaderView.h */,
				09382FE8221369C7000B6508 /* MMSnapHeaderView.m */,
				09382FE6221369C7000B6508 /* MMSnapFooterView.h */,
				09382FE9221369C7000B6508 /* MMSnapFooterView.m */,
			);
			name = "Supplementary bars";
			path = "Classes/Supplementary bars";
			sourceTree = "<group>";
		};
		09382FF9221467DE000B6508 /* Images */ = {
			isa = PBXGroup;
			children = (
				09382FF0221467D8000B6508 /* MMSnapBackIndicatorDefault.png */,
				09382FF2221467D9000B6508 /* MMSnapBackIndicatorDefault@2x.png */,
				09382FEF221467D8000B6508 /* MMSnapBackIndicatorDefault@3x.png */,
				09382FF3221467D9000B6508 /* MMSnapIndicatorRounded@2x.png */,
				09382FF1221467D9000B6508 /* MMSnapIndicatorRounded@3x.png */,
			);
			path = Images;
			sourceTree = "<group>";
		};
		09382FFA2214A3A6000B6508 /* Views */ = {
			isa = PBXGroup;
			children = (
				098EF151220092E900BC78F5 /* MMSplitScrollView.h */,
				098EF152220092E900BC78F5 /* MMSplitScrollView.m */,
				098EF1542200945300BC78F5 /* MMSplitPaneView.h */,
				098EF1552200945300BC78F5 /* MMSplitPaneView.m */,
				09382FD7220C8451000B6508 /* MMSplitHuggingSupport.h */,
				098EF1572200947200BC78F5 /* MMSplitSeparatorView.h */,
				098EF1582200947200BC78F5 /* MMSplitSeparatorView.m */,
			);
			name = Views;
			path = Classes/Views;
			sourceTree = "<group>";
		};
		098EF15A2200B2DD00BC78F5 /* Utilities */ = {
			isa = PBXGroup;
			children = (
				098EF15B2200B2F000BC78F5 /* MMInvocationForwarder.h */,
				098EF15C2200B2F000BC78F5 /* MMInvocationForwarder.m */,
				092DC45E2203939D0021F635 /* MMSpringScrollAnimator.h */,
				092DC45F2203939D0021F635 /* MMSpringScrollAnimator.m */,
			);
			name = Utilities;
			path = Classes/Utilities;
			sourceTree = "<group>";
		};
		099F47102214B8E70062046F /* MMSplitViewController */ = {
			isa = PBXGroup;
			children = (
				099F47112214B8F00062046F /* MMSplitViewController.h */,
				099F47122214B8F00062046F /* MMSplitViewController.m */,
				09382FFA2214A3A6000B6508 /* Views */,
				09382FDF221367E6000B6508 /* Supplementary bars */,
				09382FD822122926000B6508 /* Compatibility */,
				098EF15A2200B2DD00BC78F5 /* Utilities */,
				09382FF9221467DE000B6508 /* Images */,
			);
			name = MMSplitViewController;
			sourceTree = "<group>";
		};
/* End PBXGroup section */

/* Begin PBXNativeTarget section */
		0928765921F79F38002AAE3E /* MMSplitViewController */ = {
			isa = PBXNativeTarget;
			buildConfigurationList = 0928767021F79F39002AAE3E /* Build configuration list for PBXNativeTarget "MMSplitViewController" */;
			buildPhases = (
				0928765621F79F38002AAE3E /* Sources */,
				0928765721F79F38002AAE3E /* Frameworks */,
				0928765821F79F38002AAE3E /* Resources */,
			);
			buildRules = (
			);
			dependencies = (
			);
			name = MMSplitViewController;
			productName = MMSplitViewController;
			productReference = 0928765A21F79F38002AAE3E /* MMSplitViewController.app */;
			productType = "com.apple.product-type.application";
		};
/* End PBXNativeTarget section */

/* Begin PBXProject section */
		0928765221F79F38002AAE3E /* Project object */ = {
			isa = PBXProject;
			attributes = {
				LastUpgradeCheck = 1010;
				ORGANIZATIONNAME = "Matías";
				TargetAttributes = {
					0928765921F79F38002AAE3E = {
						CreatedOnToolsVersion = 10.1;
					};
				};
			};
			buildConfigurationList = 0928765521F79F38002AAE3E /* Build configuration list for PBXProject "MMSplitViewController" */;
			compatibilityVersion = "Xcode 9.3";
			developmentRegion = en;
			hasScannedForEncodings = 0;
			knownRegions = (
				en,
				Base,
			);
			mainGroup = 0928765121F79F38002AAE3E;
			productRefGroup = 0928765B21F79F38002AAE3E /* Products */;
			projectDirPath = "";
			projectRoot = "";
			targets = (
				0928765921F79F38002AAE3E /* MMSplitViewController */,
			);
		};
/* End PBXProject section */

/* Begin PBXResourcesBuildPhase section */
		0928765821F79F38002AAE3E /* Resources */ = {
			isa = PBXResourcesBuildPhase;
			buildActionMask = 2147483647;
			files = (
				09382FF8221467D9000B6508 /* MMSnapIndicatorRounded@2x.png in Resources */,
				09382FF5221467D9000B6508 /* MMSnapBackIndicatorDefault.png in Resources */,
				09382FF4221467D9000B6508 /* MMSnapBackIndicatorDefault@3x.png in Resources */,
				0928766A21F79F39002AAE3E /* LaunchScreen.storyboard in Resources */,
				09382FF7221467D9000B6508 /* MMSnapBackIndicatorDefault@2x.png in Resources */,
				09382FF6221467D9000B6508 /* MMSnapIndicatorRounded@3x.png in Resources */,
				0928766721F79F39002AAE3E /* Assets.xcassets in Resources */,
			);
			runOnlyForDeploymentPostprocessing = 0;
		};
/* End PBXResourcesBuildPhase section */

/* Begin PBXSourcesBuildPhase section */
		0928765621F79F38002AAE3E /* Sources */ = {
			isa = PBXSourcesBuildPhase;
			buildActionMask = 2147483647;
			files = (
				0928766D21F79F39002AAE3E /* main.m in Sources */,
				098EF1562200945300BC78F5 /* MMSplitPaneView.m in Sources */,
				09382FEA221369C7000B6508 /* MMSnapHeaderView.m in Sources */,
				09382FEB221369C7000B6508 /* MMSnapFooterView.m in Sources */,
				09382FEE22136A80000B6508 /* MMSnapSupplementaryView.m in Sources */,
				09382FDE2212298B000B6508 /* MMSplitViewController+MMViewControllerContainmentCompatibility.m in Sources */,
				092DC4602203939D0021F635 /* MMSpringScrollAnimator.m in Sources */,
				0928765F21F79F38002AAE3E /* AppDelegate.m in Sources */,
				098EF1592200947200BC78F5 /* MMSplitSeparatorView.m in Sources */,
				099F47132214B9B70062046F /* MMSplitViewController.m in Sources */,
				098EF15D2200B2F000BC78F5 /* MMInvocationForwarder.m in Sources */,
				0928767521F79F9A002AAE3E /* MainViewController.m in Sources */,
				098EF153220092E900BC78F5 /* MMSplitScrollView.m in Sources */,
				0928767C21F7AC38002AAE3E /* FauxListViewController.m in Sources */,
				09382FE5221368FC000B6508 /* MMSplitViewController+MMSupplementaryBars.m in Sources */,
			);
			runOnlyForDeploymentPostprocessing = 0;
		};
/* End PBXSourcesBuildPhase section */

/* Begin PBXVariantGroup section */
		0928766821F79F39002AAE3E /* LaunchScreen.storyboard */ = {
			isa = PBXVariantGroup;
			children = (
				0928766921F79F39002AAE3E /* Base */,
			);
			name = LaunchScreen.storyboard;
			sourceTree = "<group>";
		};
/* End PBXVariantGroup section */

/* Begin XCBuildConfiguration section */
		0928766E21F79F39002AAE3E /* Debug */ = {
			isa = XCBuildConfiguration;
			buildSettings = {
				ALWAYS_SEARCH_USER_PATHS = NO;
				CLANG_ANALYZER_NONNULL = YES;
				CLANG_ANALYZER_NUMBER_OBJECT_CONVERSION = YES_AGGRESSIVE;
				CLANG_CXX_LANGUAGE_STANDARD = "gnu++14";
				CLANG_CXX_LIBRARY = "libc++";
				CLANG_ENABLE_MODULES = YES;
				CLANG_ENABLE_OBJC_ARC = YES;
				CLANG_ENABLE_OBJC_WEAK = YES;
				CLANG_WARN_BLOCK_CAPTURE_AUTORELEASING = YES;
				CLANG_WARN_BOOL_CONVERSION = YES;
				CLANG_WARN_COMMA = YES;
				CLANG_WARN_CONSTANT_CONVERSION = YES;
				CLANG_WARN_DEPRECATED_OBJC_IMPLEMENTATIONS = YES;
				CLANG_WARN_DIRECT_OBJC_ISA_USAGE = YES_ERROR;
				CLANG_WARN_DOCUMENTATION_COMMENTS = YES;
				CLANG_WARN_EMPTY_BODY = YES;
				CLANG_WARN_ENUM_CONVERSION = YES;
				CLANG_WARN_INFINITE_RECURSION = YES;
				CLANG_WARN_INT_CONVERSION = YES;
				CLANG_WARN_NON_LITERAL_NULL_CONVERSION = YES;
				CLANG_WARN_OBJC_IMPLICIT_RETAIN_SELF = YES;
				CLANG_WARN_OBJC_LITERAL_CONVERSION = YES;
				CLANG_WARN_OBJC_ROOT_CLASS = YES_ERROR;
				CLANG_WARN_RANGE_LOOP_ANALYSIS = YES;
				CLANG_WARN_STRICT_PROTOTYPES = YES;
				CLANG_WARN_SUSPICIOUS_MOVE = YES;
				CLANG_WARN_UNGUARDED_AVAILABILITY = YES_AGGRESSIVE;
				CLANG_WARN_UNREACHABLE_CODE = YES;
				CLANG_WARN__DUPLICATE_METHOD_MATCH = YES;
				CODE_SIGN_IDENTITY = "iPhone Developer";
				COPY_PHASE_STRIP = NO;
				DEBUG_INFORMATION_FORMAT = dwarf;
				ENABLE_STRICT_OBJC_MSGSEND = YES;
				ENABLE_TESTABILITY = YES;
				GCC_C_LANGUAGE_STANDARD = gnu11;
				GCC_DYNAMIC_NO_PIC = NO;
				GCC_NO_COMMON_BLOCKS = YES;
				GCC_OPTIMIZATION_LEVEL = 0;
				GCC_PREPROCESSOR_DEFINITIONS = (
					"DEBUG=1",
					"$(inherited)",
				);
				GCC_WARN_64_TO_32_BIT_CONVERSION = YES;
				GCC_WARN_ABOUT_RETURN_TYPE = YES_ERROR;
				GCC_WARN_UNDECLARED_SELECTOR = YES;
				GCC_WARN_UNINITIALIZED_AUTOS = YES_AGGRESSIVE;
				GCC_WARN_UNUSED_FUNCTION = YES;
				GCC_WARN_UNUSED_VARIABLE = YES;
				IPHONEOS_DEPLOYMENT_TARGET = 12.1;
				MTL_ENABLE_DEBUG_INFO = INCLUDE_SOURCE;
				MTL_FAST_MATH = YES;
				ONLY_ACTIVE_ARCH = YES;
				SDKROOT = iphoneos;
			};
			name = Debug;
		};
		0928766F21F79F39002AAE3E /* Release */ = {
			isa = XCBuildConfiguration;
			buildSettings = {
				ALWAYS_SEARCH_USER_PATHS = NO;
				CLANG_ANALYZER_NONNULL = YES;
				CLANG_ANALYZER_NUMBER_OBJECT_CONVERSION = YES_AGGRESSIVE;
				CLANG_CXX_LANGUAGE_STANDARD = "gnu++14";
				CLANG_CXX_LIBRARY = "libc++";
				CLANG_ENABLE_MODULES = YES;
				CLANG_ENABLE_OBJC_ARC = YES;
				CLANG_ENABLE_OBJC_WEAK = YES;
				CLANG_WARN_BLOCK_CAPTURE_AUTORELEASING = YES;
				CLANG_WARN_BOOL_CONVERSION = YES;
				CLANG_WARN_COMMA = YES;
				CLANG_WARN_CONSTANT_CONVERSION = YES;
				CLANG_WARN_DEPRECATED_OBJC_IMPLEMENTATIONS = YES;
				CLANG_WARN_DIRECT_OBJC_ISA_USAGE = YES_ERROR;
				CLANG_WARN_DOCUMENTATION_COMMENTS = YES;
				CLANG_WARN_EMPTY_BODY = YES;
				CLANG_WARN_ENUM_CONVERSION = YES;
				CLANG_WARN_INFINITE_RECURSION = YES;
				CLANG_WARN_INT_CONVERSION = YES;
				CLANG_WARN_NON_LITERAL_NULL_CONVERSION = YES;
				CLANG_WARN_OBJC_IMPLICIT_RETAIN_SELF = YES;
				CLANG_WARN_OBJC_LITERAL_CONVERSION = YES;
				CLANG_WARN_OBJC_ROOT_CLASS = YES_ERROR;
				CLANG_WARN_RANGE_LOOP_ANALYSIS = YES;
				CLANG_WARN_STRICT_PROTOTYPES = YES;
				CLANG_WARN_SUSPICIOUS_MOVE = YES;
				CLANG_WARN_UNGUARDED_AVAILABILITY = YES_AGGRESSIVE;
				CLANG_WARN_UNREACHABLE_CODE = YES;
				CLANG_WARN__DUPLICATE_METHOD_MATCH = YES;
				CODE_SIGN_IDENTITY = "iPhone Developer";
				COPY_PHASE_STRIP = NO;
				DEBUG_INFORMATION_FORMAT = "dwarf-with-dsym";
				ENABLE_NS_ASSERTIONS = NO;
				ENABLE_STRICT_OBJC_MSGSEND = YES;
				GCC_C_LANGUAGE_STANDARD = gnu11;
				GCC_NO_COMMON_BLOCKS = YES;
				GCC_WARN_64_TO_32_BIT_CONVERSION = YES;
				GCC_WARN_ABOUT_RETURN_TYPE = YES_ERROR;
				GCC_WARN_UNDECLARED_SELECTOR = YES;
				GCC_WARN_UNINITIALIZED_AUTOS = YES_AGGRESSIVE;
				GCC_WARN_UNUSED_FUNCTION = YES;
				GCC_WARN_UNUSED_VARIABLE = YES;
				IPHONEOS_DEPLOYMENT_TARGET = 12.1;
				MTL_ENABLE_DEBUG_INFO = NO;
				MTL_FAST_MATH = YES;
				SDKROOT = iphoneos;
				VALIDATE_PRODUCT = YES;
			};
			name = Release;
		};
		0928767121F79F39002AAE3E /* Debug */ = {
			isa = XCBuildConfiguration;
			buildSettings = {
				ASSETCATALOG_COMPILER_APPICON_NAME = AppIcon;
				CODE_SIGN_STYLE = Automatic;
				DEVELOPMENT_TEAM = 8F4M6APQ4F;
				INFOPLIST_FILE = "$(SRCROOT)/MMSplitViewControllerDemo/Info.plist";
				LD_RUNPATH_SEARCH_PATHS = (
					"$(inherited)",
					"@executable_path/Frameworks",
				);
				PRODUCT_BUNDLE_IDENTIFIER = io.cornershop.MMSplitViewController;
				PRODUCT_NAME = "$(TARGET_NAME)";
				TARGETED_DEVICE_FAMILY = "1,2";
			};
			name = Debug;
		};
		0928767221F79F39002AAE3E /* Release */ = {
			isa = XCBuildConfiguration;
			buildSettings = {
				ASSETCATALOG_COMPILER_APPICON_NAME = AppIcon;
				CODE_SIGN_STYLE = Automatic;
				DEVELOPMENT_TEAM = 8F4M6APQ4F;
				INFOPLIST_FILE = "$(SRCROOT)/MMSplitViewControllerDemo/Info.plist";
				LD_RUNPATH_SEARCH_PATHS = (
					"$(inherited)",
					"@executable_path/Frameworks",
				);
				PRODUCT_BUNDLE_IDENTIFIER = io.cornershop.MMSplitViewController;
				PRODUCT_NAME = "$(TARGET_NAME)";
				TARGETED_DEVICE_FAMILY = "1,2";
			};
			name = Release;
		};
/* End XCBuildConfiguration section */

/* Begin XCConfigurationList section */
		0928765521F79F38002AAE3E /* Build configuration list for PBXProject "MMSplitViewController" */ = {
			isa = XCConfigurationList;
			buildConfigurations = (
				0928766E21F79F39002AAE3E /* Debug */,
				0928766F21F79F39002AAE3E /* Release */,
			);
			defaultConfigurationIsVisible = 0;
			defaultConfigurationName = Release;
		};
		0928767021F79F39002AAE3E /* Build configuration list for PBXNativeTarget "MMSplitViewController" */ = {
			isa = XCConfigurationList;
			buildConfigurations = (
				0928767121F79F39002AAE3E /* Debug */,
				0928767221F79F39002AAE3E /* Release */,
			);
			defaultConfigurationIsVisible = 0;
			defaultConfigurationName = Release;
		};
/* End XCConfigurationList section */
	};
	rootObject = 0928765221F79F38002AAE3E /* Project object */;
}
